// !$*UTF8*$!
{
	archiveVersion = 1;
	classes = {
	};
	objectVersion = 56;
	objects = {

/* Begin PBXBuildFile section */
		B33B3EC72A2F35F40077BFC4 /* ToDoComposableApp.swift in Sources */ = {isa = PBXBuildFile; fileRef = B33B3EC62A2F35F40077BFC4 /* ToDoComposableApp.swift */; };
		B33B3ECB2A2F35F50077BFC4 /* Assets.xcassets in Resources */ = {isa = PBXBuildFile; fileRef = B33B3ECA2A2F35F50077BFC4 /* Assets.xcassets */; };
		B33B3ECE2A2F35F50077BFC4 /* Preview Assets.xcassets in Resources */ = {isa = PBXBuildFile; fileRef = B33B3ECD2A2F35F50077BFC4 /* Preview Assets.xcassets */; };
		B33B3ED52A2F368D0077BFC4 /* MainView.swift in Sources */ = {isa = PBXBuildFile; fileRef = B33B3ED42A2F368D0077BFC4 /* MainView.swift */; };
		B33B3ED82A30C8030077BFC4 /* ComposableArchitecture in Frameworks */ = {isa = PBXBuildFile; productRef = B33B3ED72A30C8030077BFC4 /* ComposableArchitecture */; };
		B33B3EDA2A30C8280077BFC4 /* MainViewModel.swift in Sources */ = {isa = PBXBuildFile; fileRef = B33B3ED92A30C8280077BFC4 /* MainViewModel.swift */; };
		B33B3EDD2A36FEBF0077BFC4 /* ToDo.xcdatamodeld in Sources */ = {isa = PBXBuildFile; fileRef = B33B3EDB2A36FEBF0077BFC4 /* ToDo.xcdatamodeld */; };
		B33B3EE12A37574C0077BFC4 /* StorageContainer.swift in Sources */ = {isa = PBXBuildFile; fileRef = B33B3EE02A37574C0077BFC4 /* StorageContainer.swift */; };
		B33B3EE32A3759F70077BFC4 /* TaskCell.swift in Sources */ = {isa = PBXBuildFile; fileRef = B33B3EE22A3759F70077BFC4 /* TaskCell.swift */; };
		B33B3EEB2A39BCFC0077BFC4 /* ToDoComposableTests.swift in Sources */ = {isa = PBXBuildFile; fileRef = B33B3EEA2A39BCFC0077BFC4 /* ToDoComposableTests.swift */; };
		B33B3EF12A39BDDD0077BFC4 /* MainViewModel.swift in Sources */ = {isa = PBXBuildFile; fileRef = B33B3ED92A30C8280077BFC4 /* MainViewModel.swift */; };
		B33B3EF22A39BE9E0077BFC4 /* ToDo.xcdatamodeld in Sources */ = {isa = PBXBuildFile; fileRef = B33B3EDB2A36FEBF0077BFC4 /* ToDo.xcdatamodeld */; };
		B33B3EF32A39BEB10077BFC4 /* StorageContainer.swift in Sources */ = {isa = PBXBuildFile; fileRef = B33B3EE02A37574C0077BFC4 /* StorageContainer.swift */; };
/* End PBXBuildFile section */

/* Begin PBXContainerItemProxy section */
		B33B3EEC2A39BCFC0077BFC4 /* PBXContainerItemProxy */ = {
			isa = PBXContainerItemProxy;
			containerPortal = B33B3EBB2A2F35F40077BFC4 /* Project object */;
			proxyType = 1;
			remoteGlobalIDString = B33B3EC22A2F35F40077BFC4;
			remoteInfo = ToDoComposable;
		};
/* End PBXContainerItemProxy section */

/* Begin PBXFileReference section */
		B33B3EC32A2F35F40077BFC4 /* ToDoComposable.app */ = {isa = PBXFileReference; explicitFileType = wrapper.application; includeInIndex = 0; path = ToDoComposable.app; sourceTree = BUILT_PRODUCTS_DIR; };
		B33B3EC62A2F35F40077BFC4 /* ToDoComposableApp.swift */ = {isa = PBXFileReference; lastKnownFileType = sourcecode.swift; path = ToDoComposableApp.swift; sourceTree = "<group>"; };
		B33B3ECA2A2F35F50077BFC4 /* Assets.xcassets */ = {isa = PBXFileReference; lastKnownFileType = folder.assetcatalog; path = Assets.xcassets; sourceTree = "<group>"; };
		B33B3ECD2A2F35F50077BFC4 /* Preview Assets.xcassets */ = {isa = PBXFileReference; lastKnownFileType = folder.assetcatalog; path = "Preview Assets.xcassets"; sourceTree = "<group>"; };
		B33B3ED42A2F368D0077BFC4 /* MainView.swift */ = {isa = PBXFileReference; lastKnownFileType = sourcecode.swift; path = MainView.swift; sourceTree = "<group>"; };
		B33B3ED92A30C8280077BFC4 /* MainViewModel.swift */ = {isa = PBXFileReference; lastKnownFileType = sourcecode.swift; path = MainViewModel.swift; sourceTree = "<group>"; };
		B33B3EDC2A36FEBF0077BFC4 /* ToDo.xcdatamodel */ = {isa = PBXFileReference; lastKnownFileType = wrapper.xcdatamodel; path = ToDo.xcdatamodel; sourceTree = "<group>"; };
		B33B3EE02A37574C0077BFC4 /* StorageContainer.swift */ = {isa = PBXFileReference; lastKnownFileType = sourcecode.swift; path = StorageContainer.swift; sourceTree = "<group>"; };
		B33B3EE22A3759F70077BFC4 /* TaskCell.swift */ = {isa = PBXFileReference; lastKnownFileType = sourcecode.swift; path = TaskCell.swift; sourceTree = "<group>"; };
		B33B3EE82A39BCFC0077BFC4 /* ToDoComposableTests.xctest */ = {isa = PBXFileReference; explicitFileType = wrapper.cfbundle; includeInIndex = 0; path = ToDoComposableTests.xctest; sourceTree = BUILT_PRODUCTS_DIR; };
		B33B3EEA2A39BCFC0077BFC4 /* ToDoComposableTests.swift */ = {isa = PBXFileReference; lastKnownFileType = sourcecode.swift; path = ToDoComposableTests.swift; sourceTree = "<group>"; };
/* End PBXFileReference section */

/* Begin PBXFrameworksBuildPhase section */
		B33B3EC02A2F35F40077BFC4 /* Frameworks */ = {
			isa = PBXFrameworksBuildPhase;
			buildActionMask = 2147483647;
			files = (
				B33B3ED82A30C8030077BFC4 /* ComposableArchitecture in Frameworks */,
			);
			runOnlyForDeploymentPostprocessing = 0;
		};
		B33B3EE52A39BCFC0077BFC4 /* Frameworks */ = {
			isa = PBXFrameworksBuildPhase;
			buildActionMask = 2147483647;
			files = (
			);
			runOnlyForDeploymentPostprocessing = 0;
		};
/* End PBXFrameworksBuildPhase section */

/* Begin PBXGroup section */
		B33B3EBA2A2F35F40077BFC4 = {
			isa = PBXGroup;
			children = (
				B33B3EC52A2F35F40077BFC4 /* ToDoComposable */,
				B33B3EE92A39BCFC0077BFC4 /* ToDoComposableTests */,
				B33B3EC42A2F35F40077BFC4 /* Products */,
			);
			sourceTree = "<group>";
		};
		B33B3EC42A2F35F40077BFC4 /* Products */ = {
			isa = PBXGroup;
			children = (
				B33B3EC32A2F35F40077BFC4 /* ToDoComposable.app */,
				B33B3EE82A39BCFC0077BFC4 /* ToDoComposableTests.xctest */,
			);
			name = Products;
			sourceTree = "<group>";
		};
		B33B3EC52A2F35F40077BFC4 /* ToDoComposable */ = {
			isa = PBXGroup;
			children = (
				B33B3EC62A2F35F40077BFC4 /* ToDoComposableApp.swift */,
				B33B3ECA2A2F35F50077BFC4 /* Assets.xcassets */,
				B33B3ECC2A2F35F50077BFC4 /* Preview Content */,
				B33B3ED42A2F368D0077BFC4 /* MainView.swift */,
				B33B3EE22A3759F70077BFC4 /* TaskCell.swift */,
				B33B3ED92A30C8280077BFC4 /* MainViewModel.swift */,
				B33B3EE02A37574C0077BFC4 /* StorageContainer.swift */,
				B33B3EDB2A36FEBF0077BFC4 /* ToDo.xcdatamodeld */,
			);
			path = ToDoComposable;
			sourceTree = "<group>";
		};
		B33B3ECC2A2F35F50077BFC4 /* Preview Content */ = {
			isa = PBXGroup;
			children = (
				B33B3ECD2A2F35F50077BFC4 /* Preview Assets.xcassets */,
			);
			path = "Preview Content";
			sourceTree = "<group>";
		};
		B33B3EE92A39BCFC0077BFC4 /* ToDoComposableTests */ = {
			isa = PBXGroup;
			children = (
				B33B3EEA2A39BCFC0077BFC4 /* ToDoComposableTests.swift */,
			);
			path = ToDoComposableTests;
			sourceTree = "<group>";
		};
/* End PBXGroup section */

/* Begin PBXNativeTarget section */
		B33B3EC22A2F35F40077BFC4 /* ToDoComposable */ = {
			isa = PBXNativeTarget;
			buildConfigurationList = B33B3ED12A2F35F50077BFC4 /* Build configuration list for PBXNativeTarget "ToDoComposable" */;
			buildPhases = (
				B33B3EBF2A2F35F40077BFC4 /* Sources */,
				B33B3EC02A2F35F40077BFC4 /* Frameworks */,
				B33B3EC12A2F35F40077BFC4 /* Resources */,
			);
			buildRules = (
			);
			dependencies = (
			);
			name = ToDoComposable;
			packageProductDependencies = (
				B33B3ED72A30C8030077BFC4 /* ComposableArchitecture */,
			);
			productName = ToDoComposable;
			productReference = B33B3EC32A2F35F40077BFC4 /* ToDoComposable.app */;
			productType = "com.apple.product-type.application";
		};
		B33B3EE72A39BCFC0077BFC4 /* ToDoComposableTests */ = {
			isa = PBXNativeTarget;
			buildConfigurationList = B33B3EEE2A39BCFC0077BFC4 /* Build configuration list for PBXNativeTarget "ToDoComposableTests" */;
			buildPhases = (
				B33B3EE42A39BCFC0077BFC4 /* Sources */,
				B33B3EE52A39BCFC0077BFC4 /* Frameworks */,
				B33B3EE62A39BCFC0077BFC4 /* Resources */,
			);
			buildRules = (
			);
			dependencies = (
				B33B3EED2A39BCFC0077BFC4 /* PBXTargetDependency */,
			);
			name = ToDoComposableTests;
			productName = ToDoComposableTests;
			productReference = B33B3EE82A39BCFC0077BFC4 /* ToDoComposableTests.xctest */;
			productType = "com.apple.product-type.bundle.unit-test";
		};
/* End PBXNativeTarget section */

/* Begin PBXProject section */
		B33B3EBB2A2F35F40077BFC4 /* Project object */ = {
			isa = PBXProject;
			attributes = {
				BuildIndependentTargetsInParallel = 1;
				LastSwiftUpdateCheck = 1430;
				LastUpgradeCheck = 1430;
				TargetAttributes = {
					B33B3EC22A2F35F40077BFC4 = {
						CreatedOnToolsVersion = 14.3;
					};
					B33B3EE72A39BCFC0077BFC4 = {
						CreatedOnToolsVersion = 14.3;
						TestTargetID = B33B3EC22A2F35F40077BFC4;
					};
				};
			};
			buildConfigurationList = B33B3EBE2A2F35F40077BFC4 /* Build configuration list for PBXProject "ToDoComposable" */;
			compatibilityVersion = "Xcode 14.0";
			developmentRegion = en;
			hasScannedForEncodings = 0;
			knownRegions = (
				en,
				Base,
			);
			mainGroup = B33B3EBA2A2F35F40077BFC4;
			packageReferences = (
				B33B3ED62A30C8030077BFC4 /* XCRemoteSwiftPackageReference "swift-composable-architecture" */,
			);
			productRefGroup = B33B3EC42A2F35F40077BFC4 /* Products */;
			projectDirPath = "";
			projectRoot = "";
			targets = (
				B33B3EC22A2F35F40077BFC4 /* ToDoComposable */,
				B33B3EE72A39BCFC0077BFC4 /* ToDoComposableTests */,
			);
		};
/* End PBXProject section */

/* Begin PBXResourcesBuildPhase section */
		B33B3EC12A2F35F40077BFC4 /* Resources */ = {
			isa = PBXResourcesBuildPhase;
			buildActionMask = 2147483647;
			files = (
				B33B3ECE2A2F35F50077BFC4 /* Preview Assets.xcassets in Resources */,
				B33B3ECB2A2F35F50077BFC4 /* Assets.xcassets in Resources */,
			);
			runOnlyForDeploymentPostprocessing = 0;
		};
		B33B3EE62A39BCFC0077BFC4 /* Resources */ = {
			isa = PBXResourcesBuildPhase;
			buildActionMask = 2147483647;
			files = (
			);
			runOnlyForDeploymentPostprocessing = 0;
		};
/* End PBXResourcesBuildPhase section */

/* Begin PBXSourcesBuildPhase section */
		B33B3EBF2A2F35F40077BFC4 /* Sources */ = {
			isa = PBXSourcesBuildPhase;
			buildActionMask = 2147483647;
			files = (
				B33B3ED52A2F368D0077BFC4 /* MainView.swift in Sources */,
				B33B3EE32A3759F70077BFC4 /* TaskCell.swift in Sources */,
				B33B3EC72A2F35F40077BFC4 /* ToDoComposableApp.swift in Sources */,
				B33B3EDA2A30C8280077BFC4 /* MainViewModel.swift in Sources */,
				B33B3EDD2A36FEBF0077BFC4 /* ToDo.xcdatamodeld in Sources */,
				B33B3EE12A37574C0077BFC4 /* StorageContainer.swift in Sources */,
			);
			runOnlyForDeploymentPostprocessing = 0;
		};
		B33B3EE42A39BCFC0077BFC4 /* Sources */ = {
			isa = PBXSourcesBuildPhase;
			buildActionMask = 2147483647;
			files = (
				B33B3EEB2A39BCFC0077BFC4 /* ToDoComposableTests.swift in Sources */,
				B33B3EF32A39BEB10077BFC4 /* StorageContainer.swift in Sources */,
				B33B3EF22A39BE9E0077BFC4 /* ToDo.xcdatamodeld in Sources */,
				B33B3EF12A39BDDD0077BFC4 /* MainViewModel.swift in Sources */,
			);
			runOnlyForDeploymentPostprocessing = 0;
		};
/* End PBXSourcesBuildPhase section */

/* Begin PBXTargetDependency section */
		B33B3EED2A39BCFC0077BFC4 /* PBXTargetDependency */ = {
			isa = PBXTargetDependency;
			target = B33B3EC22A2F35F40077BFC4 /* ToDoComposable */;
			targetProxy = B33B3EEC2A39BCFC0077BFC4 /* PBXContainerItemProxy */;
		};
/* End PBXTargetDependency section */

/* Begin XCBuildConfiguration section */
		B33B3ECF2A2F35F50077BFC4 /* Debug */ = {
			isa = XCBuildConfiguration;
			buildSettings = {
				ALWAYS_SEARCH_USER_PATHS = NO;
				CLANG_ANALYZER_NONNULL = YES;
				CLANG_ANALYZER_NUMBER_OBJECT_CONVERSION = YES_AGGRESSIVE;
				CLANG_CXX_LANGUAGE_STANDARD = "gnu++20";
				CLANG_ENABLE_MODULES = YES;
				CLANG_ENABLE_OBJC_ARC = YES;
				CLANG_ENABLE_OBJC_WEAK = YES;
				CLANG_WARN_BLOCK_CAPTURE_AUTORELEASING = YES;
				CLANG_WARN_BOOL_CONVERSION = YES;
				CLANG_WARN_COMMA = YES;
				CLANG_WARN_CONSTANT_CONVERSION = YES;
				CLANG_WARN_DEPRECATED_OBJC_IMPLEMENTATIONS = YES;
				CLANG_WARN_DIRECT_OBJC_ISA_USAGE = YES_ERROR;
				CLANG_WARN_DOCUMENTATION_COMMENTS = YES;
				CLANG_WARN_EMPTY_BODY = YES;
				CLANG_WARN_ENUM_CONVERSION = YES;
				CLANG_WARN_INFINITE_RECURSION = YES;
				CLANG_WARN_INT_CONVERSION = YES;
				CLANG_WARN_NON_LITERAL_NULL_CONVERSION = YES;
				CLANG_WARN_OBJC_IMPLICIT_RETAIN_SELF = YES;
				CLANG_WARN_OBJC_LITERAL_CONVERSION = YES;
				CLANG_WARN_OBJC_ROOT_CLASS = YES_ERROR;
				CLANG_WARN_QUOTED_INCLUDE_IN_FRAMEWORK_HEADER = YES;
				CLANG_WARN_RANGE_LOOP_ANALYSIS = YES;
				CLANG_WARN_STRICT_PROTOTYPES = YES;
				CLANG_WARN_SUSPICIOUS_MOVE = YES;
				CLANG_WARN_UNGUARDED_AVAILABILITY = YES_AGGRESSIVE;
				CLANG_WARN_UNREACHABLE_CODE = YES;
				CLANG_WARN__DUPLICATE_METHOD_MATCH = YES;
				COPY_PHASE_STRIP = NO;
				DEBUG_INFORMATION_FORMAT = dwarf;
				ENABLE_STRICT_OBJC_MSGSEND = YES;
				ENABLE_TESTABILITY = YES;
				GCC_C_LANGUAGE_STANDARD = gnu11;
				GCC_DYNAMIC_NO_PIC = NO;
				GCC_NO_COMMON_BLOCKS = YES;
				GCC_OPTIMIZATION_LEVEL = 0;
				GCC_PREPROCESSOR_DEFINITIONS = (
					"DEBUG=1",
					"$(inherited)",
				);
				GCC_WARN_64_TO_32_BIT_CONVERSION = YES;
				GCC_WARN_ABOUT_RETURN_TYPE = YES_ERROR;
				GCC_WARN_UNDECLARED_SELECTOR = YES;
				GCC_WARN_UNINITIALIZED_AUTOS = YES_AGGRESSIVE;
				GCC_WARN_UNUSED_FUNCTION = YES;
				GCC_WARN_UNUSED_VARIABLE = YES;
				IPHONEOS_DEPLOYMENT_TARGET = 16.4;
				MTL_ENABLE_DEBUG_INFO = INCLUDE_SOURCE;
				MTL_FAST_MATH = YES;
				ONLY_ACTIVE_ARCH = YES;
				SDKROOT = iphoneos;
				SWIFT_ACTIVE_COMPILATION_CONDITIONS = DEBUG;
				SWIFT_OPTIMIZATION_LEVEL = "-Onone";
			};
			name = Debug;
		};
		B33B3ED02A2F35F50077BFC4 /* Release */ = {
			isa = XCBuildConfiguration;
			buildSettings = {
				ALWAYS_SEARCH_USER_PATHS = NO;
				CLANG_ANALYZER_NONNULL = YES;
				CLANG_ANALYZER_NUMBER_OBJECT_CONVERSION = YES_AGGRESSIVE;
				CLANG_CXX_LANGUAGE_STANDARD = "gnu++20";
				CLANG_ENABLE_MODULES = YES;
				CLANG_ENABLE_OBJC_ARC = YES;
				CLANG_ENABLE_OBJC_WEAK = YES;
				CLANG_WARN_BLOCK_CAPTURE_AUTORELEASING = YES;
				CLANG_WARN_BOOL_CONVERSION = YES;
				CLANG_WARN_COMMA = YES;
				CLANG_WARN_CONSTANT_CONVERSION = YES;
				CLANG_WARN_DEPRECATED_OBJC_IMPLEMENTATIONS = YES;
				CLANG_WARN_DIRECT_OBJC_ISA_USAGE = YES_ERROR;
				CLANG_WARN_DOCUMENTATION_COMMENTS = YES;
				CLANG_WARN_EMPTY_BODY = YES;
				CLANG_WARN_ENUM_CONVERSION = YES;
				CLANG_WARN_INFINITE_RECURSION = YES;
				CLANG_WARN_INT_CONVERSION = YES;
				CLANG_WARN_NON_LITERAL_NULL_CONVERSION = YES;
				CLANG_WARN_OBJC_IMPLICIT_RETAIN_SELF = YES;
				CLANG_WARN_OBJC_LITERAL_CONVERSION = YES;
				CLANG_WARN_OBJC_ROOT_CLASS = YES_ERROR;
				CLANG_WARN_QUOTED_INCLUDE_IN_FRAMEWORK_HEADER = YES;
				CLANG_WARN_RANGE_LOOP_ANALYSIS = YES;
				CLANG_WARN_STRICT_PROTOTYPES = YES;
				CLANG_WARN_SUSPICIOUS_MOVE = YES;
				CLANG_WARN_UNGUARDED_AVAILABILITY = YES_AGGRESSIVE;
				CLANG_WARN_UNREACHABLE_CODE = YES;
				CLANG_WARN__DUPLICATE_METHOD_MATCH = YES;
				COPY_PHASE_STRIP = NO;
				DEBUG_INFORMATION_FORMAT = "dwarf-with-dsym";
				ENABLE_NS_ASSERTIONS = NO;
				ENABLE_STRICT_OBJC_MSGSEND = YES;
				GCC_C_LANGUAGE_STANDARD = gnu11;
				GCC_NO_COMMON_BLOCKS = YES;
				GCC_WARN_64_TO_32_BIT_CONVERSION = YES;
				GCC_WARN_ABOUT_RETURN_TYPE = YES_ERROR;
				GCC_WARN_UNDECLARED_SELECTOR = YES;
				GCC_WARN_UNINITIALIZED_AUTOS = YES_AGGRESSIVE;
				GCC_WARN_UNUSED_FUNCTION = YES;
				GCC_WARN_UNUSED_VARIABLE = YES;
				IPHONEOS_DEPLOYMENT_TARGET = 16.4;
				MTL_ENABLE_DEBUG_INFO = NO;
				MTL_FAST_MATH = YES;
				SDKROOT = iphoneos;
				SWIFT_COMPILATION_MODE = wholemodule;
				SWIFT_OPTIMIZATION_LEVEL = "-O";
				VALIDATE_PRODUCT = YES;
			};
			name = Release;
		};
		B33B3ED22A2F35F50077BFC4 /* Debug */ = {
			isa = XCBuildConfiguration;
			buildSettings = {
				ASSETCATALOG_COMPILER_APPICON_NAME = AppIcon;
				ASSETCATALOG_COMPILER_GLOBAL_ACCENT_COLOR_NAME = AccentColor;
				CODE_SIGN_STYLE = Automatic;
				CURRENT_PROJECT_VERSION = 1;
				DEVELOPMENT_ASSET_PATHS = "\"ToDoComposable/Preview Content\"";
				DEVELOPMENT_TEAM = CUMBWH58UW;
				ENABLE_PREVIEWS = YES;
				GENERATE_INFOPLIST_FILE = YES;
				INFOPLIST_KEY_UIApplicationSceneManifest_Generation = YES;
				INFOPLIST_KEY_UIApplicationSupportsIndirectInputEvents = YES;
				INFOPLIST_KEY_UILaunchScreen_Generation = YES;
				INFOPLIST_KEY_UISupportedInterfaceOrientations_iPad = "UIInterfaceOrientationPortrait UIInterfaceOrientationPortraitUpsideDown UIInterfaceOrientationLandscapeLeft UIInterfaceOrientationLandscapeRight";
				INFOPLIST_KEY_UISupportedInterfaceOrientations_iPhone = "UIInterfaceOrientationPortrait UIInterfaceOrientationLandscapeLeft UIInterfaceOrientationLandscapeRight";
				LD_RUNPATH_SEARCH_PATHS = (
					"$(inherited)",
					"@executable_path/Frameworks",
				);
				MARKETING_VERSION = 1.0;
				PRODUCT_BUNDLE_IDENTIFIER = com.fabiocirruto.ToDoComposable;
				PRODUCT_NAME = "$(TARGET_NAME)";
				SWIFT_EMIT_LOC_STRINGS = YES;
				SWIFT_VERSION = 5.0;
				TARGETED_DEVICE_FAMILY = "1,2";
			};
			name = Debug;
		};
		B33B3ED32A2F35F50077BFC4 /* Release */ = {
			isa = XCBuildConfiguration;
			buildSettings = {
				ASSETCATALOG_COMPILER_APPICON_NAME = AppIcon;
				ASSETCATALOG_COMPILER_GLOBAL_ACCENT_COLOR_NAME = AccentColor;
				CODE_SIGN_STYLE = Automatic;
				CURRENT_PROJECT_VERSION = 1;
				DEVELOPMENT_ASSET_PATHS = "\"ToDoComposable/Preview Content\"";
				DEVELOPMENT_TEAM = CUMBWH58UW;
				ENABLE_PREVIEWS = YES;
				GENERATE_INFOPLIST_FILE = YES;
				INFOPLIST_KEY_UIApplicationSceneManifest_Generation = YES;
				INFOPLIST_KEY_UIApplicationSupportsIndirectInputEvents = YES;
				INFOPLIST_KEY_UILaunchScreen_Generation = YES;
				INFOPLIST_KEY_UISupportedInterfaceOrientations_iPad = "UIInterfaceOrientationPortrait UIInterfaceOrientationPortraitUpsideDown UIInterfaceOrientationLandscapeLeft UIInterfaceOrientationLandscapeRight";
				INFOPLIST_KEY_UISupportedInterfaceOrientations_iPhone = "UIInterfaceOrientationPortrait UIInterfaceOrientationLandscapeLeft UIInterfaceOrientationLandscapeRight";
				LD_RUNPATH_SEARCH_PATHS = (
					"$(inherited)",
					"@executable_path/Frameworks",
				);
				MARKETING_VERSION = 1.0;
				PRODUCT_BUNDLE_IDENTIFIER = com.fabiocirruto.ToDoComposable;
				PRODUCT_NAME = "$(TARGET_NAME)";
				SWIFT_EMIT_LOC_STRINGS = YES;
				SWIFT_VERSION = 5.0;
				TARGETED_DEVICE_FAMILY = "1,2";
			};
			name = Release;
		};
		B33B3EEF2A39BCFC0077BFC4 /* Debug */ = {
			isa = XCBuildConfiguration;
			buildSettings = {
				BUNDLE_LOADER = "$(TEST_HOST)";
				CODE_SIGN_STYLE = Automatic;
				CURRENT_PROJECT_VERSION = 1;
				DEVELOPMENT_TEAM = CUMBWH58UW;
				GENERATE_INFOPLIST_FILE = YES;
				MARKETING_VERSION = 1.0;
				PRODUCT_BUNDLE_IDENTIFIER = com.fabiocirruto.ToDoComposableTests;
				PRODUCT_NAME = "$(TARGET_NAME)";
				SWIFT_EMIT_LOC_STRINGS = NO;
				SWIFT_VERSION = 5.0;
				TARGETED_DEVICE_FAMILY = "1,2";
				TEST_HOST = "$(BUILT_PRODUCTS_DIR)/ToDoComposable.app/$(BUNDLE_EXECUTABLE_FOLDER_PATH)/ToDoComposable";
			};
			name = Debug;
		};
		B33B3EF02A39BCFC0077BFC4 /* Release */ = {
			isa = XCBuildConfiguration;
			buildSettings = {
				BUNDLE_LOADER = "$(TEST_HOST)";
				CODE_SIGN_STYLE = Automatic;
				CURRENT_PROJECT_VERSION = 1;
				DEVELOPMENT_TEAM = CUMBWH58UW;
				GENERATE_INFOPLIST_FILE = YES;
				MARKETING_VERSION = 1.0;
				PRODUCT_BUNDLE_IDENTIFIER = com.fabiocirruto.ToDoComposableTests;
				PRODUCT_NAME = "$(TARGET_NAME)";
				SWIFT_EMIT_LOC_STRINGS = NO;
				SWIFT_VERSION = 5.0;
				TARGETED_DEVICE_FAMILY = "1,2";
				TEST_HOST = "$(BUILT_PRODUCTS_DIR)/ToDoComposable.app/$(BUNDLE_EXECUTABLE_FOLDER_PATH)/ToDoComposable";
			};
			name = Release;
		};
/* End XCBuildConfiguration section */

/* Begin XCConfigurationList section */
		B33B3EBE2A2F35F40077BFC4 /* Build configuration list for PBXProject "ToDoComposable" */ = {
			isa = XCConfigurationList;
			buildConfigurations = (
				B33B3ECF2A2F35F50077BFC4 /* Debug */,
				B33B3ED02A2F35F50077BFC4 /* Release */,
			);
			defaultConfigurationIsVisible = 0;
			defaultConfigurationName = Release;
		};
		B33B3ED12A2F35F50077BFC4 /* Build configuration list for PBXNativeTarget "ToDoComposable" */ = {
			isa = XCConfigurationList;
			buildConfigurations = (
				B33B3ED22A2F35F50077BFC4 /* Debug */,
				B33B3ED32A2F35F50077BFC4 /* Release */,
			);
			defaultConfigurationIsVisible = 0;
			defaultConfigurationName = Release;
		};
		B33B3EEE2A39BCFC0077BFC4 /* Build configuration list for PBXNativeTarget "ToDoComposableTests" */ = {
			isa = XCConfigurationList;
			buildConfigurations = (
				B33B3EEF2A39BCFC0077BFC4 /* Debug */,
				B33B3EF02A39BCFC0077BFC4 /* Release */,
			);
			defaultConfigurationIsVisible = 0;
			defaultConfigurationName = Release;
		};
/* End XCConfigurationList section */

/* Begin XCRemoteSwiftPackageReference section */
		B33B3ED62A30C8030077BFC4 /* XCRemoteSwiftPackageReference "swift-composable-architecture" */ = {
			isa = XCRemoteSwiftPackageReference;
			repositoryURL = "https://github.com/pointfreeco/swift-composable-architecture";
			requirement = {
				kind = upToNextMajorVersion;
				minimumVersion = 0.54.0;
			};
		};
/* End XCRemoteSwiftPackageReference section */

/* Begin XCSwiftPackageProductDependency section */
		B33B3ED72A30C8030077BFC4 /* ComposableArchitecture */ = {
			isa = XCSwiftPackageProductDependency;
			package = B33B3ED62A30C8030077BFC4 /* XCRemoteSwiftPackageReference "swift-composable-architecture" */;
			productName = ComposableArchitecture;
		};
/* End XCSwiftPackageProductDependency section */

/* Begin XCVersionGroup section */
		B33B3EDB2A36FEBF0077BFC4 /* ToDo.xcdatamodeld */ = {
			isa = XCVersionGroup;
			children = (
				B33B3EDC2A36FEBF0077BFC4 /* ToDo.xcdatamodel */,
			);
			currentVersion = B33B3EDC2A36FEBF0077BFC4 /* ToDo.xcdatamodel */;
			path = ToDo.xcdatamodeld;
			sourceTree = "<group>";
			versionGroupType = wrapper.xcdatamodel;
		};
/* End XCVersionGroup section */
	};
	rootObject = B33B3EBB2A2F35F40077BFC4 /* Project object */;
}
